
Microsoft Visual Studio Solution File, Format Version 12.00
# Visual Studio 15
VisualStudioVersion = 15.0.26228.12
MinimumVisualStudioVersion = 10.0.40219.1
Project("{FAE04EC0-301F-11D3-BF4B-00C04F79EFBC}") = "addressbook-web-tests", "addressbook-web-tests\addressbook-web-tests.csproj", "{CE575F3B-3365-408F-9D6A-8BD7D1730122}"
EndProject
Global
	GlobalSection(SolutionConfigurationPlatforms) = preSolution
		Debug|Any CPU = Debug|Any CPU
		Release|Any CPU = Release|Any CPU
	EndGlobalSection
	GlobalSection(ProjectConfigurationPlatforms) = postSolution
		{CE575F3B-3365-408F-9D6A-8BD7D1730122}.Debug|Any CPU.ActiveCfg = Debug|Any CPU
		{CE575F3B-3365-408F-9D6A-8BD7D1730122}.Debug|Any CPU.Build.0 = Debug|Any CPU
		{CE575F3B-3365-408F-9D6A-8BD7D1730122}.Release|Any CPU.ActiveCfg = Release|Any CPU
		{CE575F3B-3365-408F-9D6A-8BD7D1730122}.Release|Any CPU.Build.0 = Release|Any CPU
	EndGlobalSection
	GlobalSection(SolutionProperties) = preSolution
		HideSolutionNode = FALSE
	EndGlobalSection
EndGlobal
